# THIS IS AN AUTOGENERATED FILE. DO NOT EDIT THIS FILE DIRECTLY.
# yarn lockfile v1


"@babel/runtime-corejs2@^7.4.2":
  version "7.6.2"
  resolved "https://registry.yarnpkg.com/@babel/runtime-corejs2/-/runtime-corejs2-7.6.2.tgz#062f8e31f3df30fc1a3dea68aa1bd854e06e9ba6"
  integrity sha512-wdyVKnTv9Be4YlwF/7pByYNfcl23qC21aAQ0aIaZOo2ZOvhFEyJdBLJClYZ9i+Pmrz7sUQgg/MwbJa2RZTkygg==
  dependencies:
    core-js "^2.6.5"
    regenerator-runtime "^0.13.2"

axios@^0.19.0:
  version "0.19.0"
  resolved "https://registry.yarnpkg.com/axios/-/axios-0.19.0.tgz#8e09bff3d9122e133f7b8101c8fbdd00ed3d2ab8"
  integrity sha512-1uvKqKQta3KBxIz14F2v06AEHZ/dIoeKfbTRkK1E5oqjDnuEerLmYTgJB5AiQZHJcljpg1TuRzdjDR06qNk0DQ==
  dependencies:
    follow-redirects "1.5.10"
    is-buffer "^2.0.2"

core-js@^2.6.5:
  version "2.6.9"
  resolved "https://registry.yarnpkg.com/core-js/-/core-js-2.6.9.tgz#6b4b214620c834152e179323727fc19741b084f2"
  integrity sha512-HOpZf6eXmnl7la+cUdMnLvUxKNqLUzJvgIziQ0DiF3JwSImNphIqdGqzj6hIKyX04MmV0poclQ7+wjWvxQyR2A==

debug@=3.1.0:
  version "3.1.0"
  resolved "https://registry.yarnpkg.com/debug/-/debug-3.1.0.tgz#5bb5a0672628b64149566ba16819e61518c67261"
  integrity sha512-OX8XqP7/1a9cqkxYw2yXss15f26NKWBpDXQd0/uK/KPqdQhxbPa994hnzjcE2VqQpDslf55723cKPUOGSmMY3g==
  dependencies:
    ms "2.0.0"

follow-redirects@1.5.10:
  version "1.5.10"
  resolved "https://registry.yarnpkg.com/follow-redirects/-/follow-redirects-1.5.10.tgz#7b7a9f9aea2fdff36786a94ff643ed07f4ff5e2a"
  integrity sha512-0V5l4Cizzvqt5D44aTXbFZz+FtyXV1vrDN6qrelxtfYQKW0KO0W2T/hkE8xvGa/540LkZlkaUjO4ailYTFtHVQ==
  dependencies:
    debug "=3.1.0"

is-buffer@^2.0.2:
  version "2.0.4"
  resolved "https://registry.yarnpkg.com/is-buffer/-/is-buffer-2.0.4.tgz#3e572f23c8411a5cfd9557c849e3665e0b290623"
  integrity sha512-Kq1rokWXOPXWuaMAqZiJW4XxsmD9zGx9q4aePabbn3qCRGedtH7Cm+zV8WETitMfu1wdh+Rvd6w5egwSngUX2A==

ms@2.0.0:
  version "2.0.0"
  resolved "https://registry.yarnpkg.com/ms/-/ms-2.0.0.tgz#5608aeadfc00be6c2901df5f9861788de0d597c8"
  integrity sha1-VgiurfwAvmwpAd9fmGF4jeDVl8g=

qs@^6.5.2:
  version "6.9.0"
  resolved "https://registry.yarnpkg.com/qs/-/qs-6.9.0.tgz#d1297e2a049c53119cb49cca366adbbacc80b409"
  integrity sha512-27RP4UotQORTpmNQDX8BHPukOnBP3p1uUJY5UnDhaJB+rMt9iMsok724XL+UHU23bEFOHRMQ2ZhI99qOWUMGFA==

regenerator-runtime@^0.13.2:
  version "0.13.3"
  resolved "https://registry.yarnpkg.com/regenerator-runtime/-/regenerator-runtime-0.13.3.tgz#7cf6a77d8f5c6f60eb73c5fc1955b2ceb01e6bf5"
  integrity sha512-naKIZz2GQ8JWh///G7L3X6LaQUAMp2lvb1rvwwsURe/VXwD6VMfr+/1NuNw3ag8v2kY1aQ/go5SNn79O9JU7yw==

storyblok-js-client@^1.0.34:
  version "1.0.34"
  resolved "https://registry.yarnpkg.com/storyblok-js-client/-/storyblok-js-client-1.0.34.tgz#bc6076f052c5e820d8779a7e0fe1b3f22e18993e"
  integrity sha512-8Jj9G7lcLT3wiTxs7UCctWAmazLdXS7qqjNe0QZ0qF2c9fnDbcBlF7MOgvkI48/8tVs8PvEITWfUVFKUH3K6JA==
  dependencies:
    "@babel/runtime-corejs2" "^7.4.2"
    axios "^0.19.0"
    qs "^6.5.2"

storyblok-vue@^1.0.5:
  version "1.0.5"
  resolved "https://registry.yarnpkg.com/storyblok-vue/-/storyblok-vue-1.0.5.tgz#c9a82cc5be45c9c5af7d48477e69e207d60b5f38"
  integrity sha512-xWnI7CY7DN+NBbG5PvdJ7cEDCjMSroIvppBfSYiM3HePoXiZSJ8X/CaLezJct2OxtchsArpbY/ZxghBseZCqtQ==
